
Microsoft Visual Studio Solution File, Format Version 12.00
# Visual Studio Version 17
VisualStudioVersion = 17.4.33205.214
MinimumVisualStudioVersion = 10.0.40219.1
Project("{FAE04EC0-301F-11D3-BF4B-00C04F79EFBC}") = "Proiect DAW - Iftichi Calin", "Proiect DAW - Iftichi Calin\Proiect DAW - Iftichi Calin.csproj", "{423A129B-AA31-41EA-A86D-FA36F2AD9065}"
EndProject
Global
	GlobalSection(SolutionConfigurationPlatforms) = preSolution
		Debug|Any CPU = Debug|Any CPU
		Release|Any CPU = Release|Any CPU
	EndGlobalSection
	GlobalSection(ProjectConfigurationPlatforms) = postSolution
		{423A129B-AA31-41EA-A86D-FA36F2AD9065}.Debug|Any CPU.ActiveCfg = Debug|Any CPU
		{423A129B-AA31-41EA-A86D-FA36F2AD9065}.Debug|Any CPU.Build.0 = Debug|Any CPU
		{423A129B-AA31-41EA-A86D-FA36F2AD9065}.Release|Any CPU.ActiveCfg = Release|Any CPU
		{423A129B-AA31-41EA-A86D-FA36F2AD9065}.Release|Any CPU.Build.0 = Release|Any CPU
	EndGlobalSection
	GlobalSection(SolutionProperties) = preSolution
		HideSolutionNode = FALSE
	EndGlobalSection
	GlobalSection(ExtensibilityGlobals) = postSolution
		SolutionGuid = {86F8F0A3-8079-4407-A5B0-54D240379376}
	EndGlobalSection
EndGlobal
